
Microsoft Visual Studio Solution File, Format Version 12.00
# Visual Studio Version 17
VisualStudioVersion = 17.8.34511.84
MinimumVisualStudioVersion = 10.0.40219.1
Project("{FAE04EC0-301F-11D3-BF4B-00C04F79EFBC}") = "blazorBlazoredModal", "blazorBlazoredModal\blazorBlazoredModal.csproj", "{96DDC74E-5BB1-448F-AD9B-AE098CD075F3}"
EndProject
Project("{FAE04EC0-301F-11D3-BF4B-00C04F79EFBC}") = "blazorBlazoredModal.Client", "blazorBlazoredModal.Client\blazorBlazoredModal.Client.csproj", "{56930A3B-39F6-4989-B5CB-B805428C4AA1}"
EndProject
Global
	GlobalSection(SolutionConfigurationPlatforms) = preSolution
		Debug|Any CPU = Debug|Any CPU
		Release|Any CPU = Release|Any CPU
	EndGlobalSection
	GlobalSection(ProjectConfigurationPlatforms) = postSolution
		{96DDC74E-5BB1-448F-AD9B-AE098CD075F3}.Debug|Any CPU.ActiveCfg = Debug|Any CPU
		{96DDC74E-5BB1-448F-AD9B-AE098CD075F3}.Debug|Any CPU.Build.0 = Debug|Any CPU
		{96DDC74E-5BB1-448F-AD9B-AE098CD075F3}.Release|Any CPU.ActiveCfg = Release|Any CPU
		{96DDC74E-5BB1-448F-AD9B-AE098CD075F3}.Release|Any CPU.Build.0 = Release|Any CPU
		{56930A3B-39F6-4989-B5CB-B805428C4AA1}.Debug|Any CPU.ActiveCfg = Debug|Any CPU
		{56930A3B-39F6-4989-B5CB-B805428C4AA1}.Debug|Any CPU.Build.0 = Debug|Any CPU
		{56930A3B-39F6-4989-B5CB-B805428C4AA1}.Release|Any CPU.ActiveCfg = Release|Any CPU
		{56930A3B-39F6-4989-B5CB-B805428C4AA1}.Release|Any CPU.Build.0 = Release|Any CPU
	EndGlobalSection
	GlobalSection(SolutionProperties) = preSolution
		HideSolutionNode = FALSE
	EndGlobalSection
	GlobalSection(ExtensibilityGlobals) = postSolution
		SolutionGuid = {00359FAF-279C-4AAA-A931-CD76D8EA3078}
	EndGlobalSection
EndGlobal
